{
    "_readme": [
        "This file locks the dependencies of your project to a known state",
        "Read more about it at https://getcomposer.org/doc/01-basic-usage.md#composer-lock-the-lock-file",
        "This file is @generated automatically"
    ],
    "content-hash": "4615a8615bb40dd7734e99e9111973cf",
    "packages": [
        {
            "name": "symfony/yaml",
            "version": "v3.2.4",
            "source": {
                "type": "git",
                "url": "https://github.com/symfony/yaml.git",
                "reference": "9724c684646fcb5387d579b4bfaa63ee0b0c64c8"
            },
            "dist": {
                "type": "zip",
                "url": "https://api.github.com/repos/symfony/yaml/zipball/9724c684646fcb5387d579b4bfaa63ee0b0c64c8",
                "reference": "9724c684646fcb5387d579b4bfaa63ee0b0c64c8",
                "shasum": ""
            },
            "require": {
                "php": ">=5.5.9"
            },
            "require-dev": {
                "symfony/console": "~2.8|~3.0"
            },
            "suggest": {
                "symfony/console": "For validating YAML files using the lint command"
            },
            "type": "library",
            "extra": {
                "branch-alias": {
                    "dev-master": "3.2-dev"
                }
            },
            "autoload": {
                "psr-4": {
                    "Symfony\\Component\\Yaml\\": ""
                },
                "exclude-from-classmap": [
                    "/Tests/"
                ]
            },
            "notification-url": "https://packagist.org/downloads/",
            "license": [
                "MIT"
            ],
            "authors": [
                {
                    "name": "Fabien Potencier",
                    "email": "fabien@symfony.com"
                },
                {
                    "name": "Symfony Community",
                    "homepage": "https://symfony.com/contributors"
                }
            ],
            "description": "Symfony Yaml Component",
            "homepage": "https://symfony.com",
            "time": "2017-02-16T22:46:52+00:00"
        },
        {
            "name": "tournikoti/tourbillon-configurator",
            "version": "1.1.1",
            "source": {
                "type": "git",
                "url": "https://github.com/tournikoti/tourbillon-configurator.git",
                "reference": "72df04c32d369c5358d7eb396ec3452968f3b18f"
            },
            "dist": {
                "type": "zip",
                "url": "https://api.github.com/repos/tournikoti/tourbillon-configurator/zipball/72df04c32d369c5358d7eb396ec3452968f3b18f",
                "reference": "72df04c32d369c5358d7eb396ec3452968f3b18f",
                "shasum": ""
            },
            "require": {
                "php": ">=5.3.3",
                "symfony/yaml": "^3.2"
            },
            "type": "library",
            "autoload": {
                "psr-4": {
                    "Tourbillon\\Configurator\\": "src"
                }
            },
            "notification-url": "https://packagist.org/downloads/",
            "license": [
                "MIT"
            ],
            "authors": [
                {
                    "name": "Gwennael Jean",
                    "email": "gwennael.jean@trsb.net"
                }
            ],
            "time": "2017-03-06T16:33:58+00:00"
        },
        {
            "name": "tournikoti/tourbillon-service-container",
            "version": "1.0.0",
            "source": {
                "type": "git",
                "url": "https://github.com/tournikoti/tourbillon-service-container.git",
                "reference": "eeeb6af23b6547c87e6f85ea991f7d4ee85c9d90"
            },
            "dist": {
                "type": "zip",
                "url": "https://api.github.com/repos/tournikoti/tourbillon-service-container/zipball/eeeb6af23b6547c87e6f85ea991f7d4ee85c9d90",
                "reference": "eeeb6af23b6547c87e6f85ea991f7d4ee85c9d90",
                "shasum": ""
            },
            "require": {
                "php": ">=5.3.3"
            },
            "type": "library",
            "autoload": {
                "psr-4": {
                    "Tourbillon\\ServiceContainer\\": "src"
                }
            },
            "notification-url": "https://packagist.org/downloads/",
            "license": [
                "MIT"
            ],
            "authors": [
                {
                    "name": "Gwennael Jean",
                    "email": "gwennael.jean@trsb.net"
                }
            ],
            "time": "2017-03-06T17:13:57+00:00"
        }
    ],
    "packages-dev": [],
    "aliases": [],
    "minimum-stability": "stable",
    "stability-flags": [],
    "prefer-stable": false,
    "prefer-lowest": false,
    "platform": {
        "php": ">=5.3.3"
    },
    "platform-dev": []
}
